
Microsoft Visual Studio Solution File, Format Version 12.00
# Visual Studio Version 16
VisualStudioVersion = 16.0.29209.152
MinimumVisualStudioVersion = 10.0.40219.1
Project("{9A19103F-16F7-4668-BE54-9A1E7A4F7556}") = "MyVet.Common", "MyVet.Common\MyVet.Common.csproj", "{6E696010-97BC-4EC2-92B3-152A0897373C}"
EndProject
Project("{9A19103F-16F7-4668-BE54-9A1E7A4F7556}") = "MyVet.Web", "MyVet.Web\MyVet.Web.csproj", "{BA96B337-1EF0-4061-95B0-F18F6CCD1366}"
EndProject
Project("{9A19103F-16F7-4668-BE54-9A1E7A4F7556}") = "MyVet.Prism", "MyVet.Prism\MyVet.Prism\MyVet.Prism.csproj", "{2278C47E-6D77-465B-932C-74895CDF4135}"
EndProject
Project("{FAE04EC0-301F-11D3-BF4B-00C04F79EFBC}") = "MyVet.Prism.Android", "MyVet.Prism\MyVet.Prism.Android\MyVet.Prism.Android.csproj", "{EB07063A-9A3C-4CEF-B719-212E63A2B1F9}"
EndProject
Project("{FAE04EC0-301F-11D3-BF4B-00C04F79EFBC}") = "MyVet.Prism.iOS", "MyVet.Prism\MyVet.Prism.iOS\MyVet.Prism.iOS.csproj", "{58A22570-2C1F-40D9-A71B-D46DB2CD555E}"
EndProject
Global
	GlobalSection(SolutionConfigurationPlatforms) = preSolution
		Ad-Hoc|Any CPU = Ad-Hoc|Any CPU
		Ad-Hoc|ARM = Ad-Hoc|ARM
		Ad-Hoc|iPhone = Ad-Hoc|iPhone
		Ad-Hoc|iPhoneSimulator = Ad-Hoc|iPhoneSimulator
		Ad-Hoc|x64 = Ad-Hoc|x64
		Ad-Hoc|x86 = Ad-Hoc|x86
		AppStore|Any CPU = AppStore|Any CPU
		AppStore|ARM = AppStore|ARM
		AppStore|iPhone = AppStore|iPhone
		AppStore|iPhoneSimulator = AppStore|iPhoneSimulator
		AppStore|x64 = AppStore|x64
		AppStore|x86 = AppStore|x86
		Debug|Any CPU = Debug|Any CPU
		Debug|ARM = Debug|ARM
		Debug|iPhone = Debug|iPhone
		Debug|iPhoneSimulator = Debug|iPhoneSimulator
		Debug|x64 = Debug|x64
		Debug|x86 = Debug|x86
		Release|Any CPU = Release|Any CPU
		Release|ARM = Release|ARM
		Release|iPhone = Release|iPhone
		Release|iPhoneSimulator = Release|iPhoneSimulator
		Release|x64 = Release|x64
		Release|x86 = Release|x86
	EndGlobalSection
	GlobalSection(ProjectConfigurationPlatforms) = postSolution
		{6E696010-97BC-4EC2-92B3-152A0897373C}.Ad-Hoc|Any CPU.ActiveCfg = Release|Any CPU
		{6E696010-97BC-4EC2-92B3-152A0897373C}.Ad-Hoc|Any CPU.Build.0 = Release|Any CPU
		{6E696010-97BC-4EC2-92B3-152A0897373C}.Ad-Hoc|ARM.ActiveCfg = Release|Any CPU
		{6E696010-97BC-4EC2-92B3-152A0897373C}.Ad-Hoc|ARM.Build.0 = Release|Any CPU
		{6E696010-97BC-4EC2-92B3-152A0897373C}.Ad-Hoc|iPhone.ActiveCfg = Release|Any CPU
		{6E696010-97BC-4EC2-92B3-152A0897373C}.Ad-Hoc|iPhone.Build.0 = Release|Any CPU
		{6E696010-97BC-4EC2-92B3-152A0897373C}.Ad-Hoc|iPhoneSimulator.ActiveCfg = Release|Any CPU
		{6E696010-97BC-4EC2-92B3-152A0897373C}.Ad-Hoc|iPhoneSimulator.Build.0 = Release|Any CPU
		{6E696010-97BC-4EC2-92B3-152A0897373C}.Ad-Hoc|x64.ActiveCfg = Release|Any CPU
		{6E696010-97BC-4EC2-92B3-152A0897373C}.Ad-Hoc|x64.Build.0 = Release|Any CPU
		{6E696010-97BC-4EC2-92B3-152A0897373C}.Ad-Hoc|x86.ActiveCfg = Release|Any CPU
		{6E696010-97BC-4EC2-92B3-152A0897373C}.Ad-Hoc|x86.Build.0 = Release|Any CPU
		{6E696010-97BC-4EC2-92B3-152A0897373C}.AppStore|Any CPU.ActiveCfg = Release|Any CPU
		{6E696010-97BC-4EC2-92B3-152A0897373C}.AppStore|Any CPU.Build.0 = Release|Any CPU
		{6E696010-97BC-4EC2-92B3-152A0897373C}.AppStore|ARM.ActiveCfg = Release|Any CPU
		{6E696010-97BC-4EC2-92B3-152A0897373C}.AppStore|ARM.Build.0 = Release|Any CPU
		{6E696010-97BC-4EC2-92B3-152A0897373C}.AppStore|iPhone.ActiveCfg = Release|Any CPU
		{6E696010-97BC-4EC2-92B3-152A0897373C}.AppStore|iPhone.Build.0 = Release|Any CPU
		{6E696010-97BC-4EC2-92B3-152A0897373C}.AppStore|iPhoneSimulator.ActiveCfg = Release|Any CPU
		{6E696010-97BC-4EC2-92B3-152A0897373C}.AppStore|iPhoneSimulator.Build.0 = Release|Any CPU
		{6E696010-97BC-4EC2-92B3-152A0897373C}.AppStore|x64.ActiveCfg = Release|Any CPU
		{6E696010-97BC-4EC2-92B3-152A0897373C}.AppStore|x64.Build.0 = Release|Any CPU
		{6E696010-97BC-4EC2-92B3-152A0897373C}.AppStore|x86.ActiveCfg = Release|Any CPU
		{6E696010-97BC-4EC2-92B3-152A0897373C}.AppStore|x86.Build.0 = Release|Any CPU
		{6E696010-97BC-4EC2-92B3-152A0897373C}.Debug|Any CPU.ActiveCfg = Debug|Any CPU
		{6E696010-97BC-4EC2-92B3-152A0897373C}.Debug|Any CPU.Build.0 = Debug|Any CPU
		{6E696010-97BC-4EC2-92B3-152A0897373C}.Debug|ARM.ActiveCfg = Debug|Any CPU
		{6E696010-97BC-4EC2-92B3-152A0897373C}.Debug|ARM.Build.0 = Debug|Any CPU
		{6E696010-97BC-4EC2-92B3-152A0897373C}.Debug|iPhone.ActiveCfg = Debug|Any CPU
		{6E696010-97BC-4EC2-92B3-152A0897373C}.Debug|iPhone.Build.0 = Debug|Any CPU
		{6E696010-97BC-4EC2-92B3-152A0897373C}.Debug|iPhoneSimulator.ActiveCfg = Debug|Any CPU
		{6E696010-97BC-4EC2-92B3-152A0897373C}.Debug|iPhoneSimulator.Build.0 = Debug|Any CPU
		{6E696010-97BC-4EC2-92B3-152A0897373C}.Debug|x64.ActiveCfg = Debug|Any CPU
		{6E696010-97BC-4EC2-92B3-152A0897373C}.Debug|x64.Build.0 = Debug|Any CPU
		{6E696010-97BC-4EC2-92B3-152A0897373C}.Debug|x86.ActiveCfg = Debug|Any CPU
		{6E696010-97BC-4EC2-92B3-152A0897373C}.Debug|x86.Build.0 = Debug|Any CPU
		{6E696010-97BC-4EC2-92B3-152A0897373C}.Release|Any CPU.ActiveCfg = Release|Any CPU
		{6E696010-97BC-4EC2-92B3-152A0897373C}.Release|Any CPU.Build.0 = Release|Any CPU
		{6E696010-97BC-4EC2-92B3-152A0897373C}.Release|ARM.ActiveCfg = Release|Any CPU
		{6E696010-97BC-4EC2-92B3-152A0897373C}.Release|ARM.Build.0 = Release|Any CPU
		{6E696010-97BC-4EC2-92B3-152A0897373C}.Release|iPhone.ActiveCfg = Release|Any CPU
		{6E696010-97BC-4EC2-92B3-152A0897373C}.Release|iPhone.Build.0 = Release|Any CPU
		{6E696010-97BC-4EC2-92B3-152A0897373C}.Release|iPhoneSimulator.ActiveCfg = Release|Any CPU
		{6E696010-97BC-4EC2-92B3-152A0897373C}.Release|iPhoneSimulator.Build.0 = Release|Any CPU
		{6E696010-97BC-4EC2-92B3-152A0897373C}.Release|x64.ActiveCfg = Release|Any CPU
		{6E696010-97BC-4EC2-92B3-152A0897373C}.Release|x64.Build.0 = Release|Any CPU
		{6E696010-97BC-4EC2-92B3-152A0897373C}.Release|x86.ActiveCfg = Release|Any CPU
		{6E696010-97BC-4EC2-92B3-152A0897373C}.Release|x86.Build.0 = Release|Any CPU
		{BA96B337-1EF0-4061-95B0-F18F6CCD1366}.Ad-Hoc|Any CPU.ActiveCfg = Release|Any CPU
		{BA96B337-1EF0-4061-95B0-F18F6CCD1366}.Ad-Hoc|Any CPU.Build.0 = Release|Any CPU
		{BA96B337-1EF0-4061-95B0-F18F6CCD1366}.Ad-Hoc|ARM.ActiveCfg = Release|Any CPU
		{BA96B337-1EF0-4061-95B0-F18F6CCD1366}.Ad-Hoc|ARM.Build.0 = Release|Any CPU
		{BA96B337-1EF0-4061-95B0-F18F6CCD1366}.Ad-Hoc|iPhone.ActiveCfg = Release|Any CPU
		{BA96B337-1EF0-4061-95B0-F18F6CCD1366}.Ad-Hoc|iPhone.Build.0 = Release|Any CPU
		{BA96B337-1EF0-4061-95B0-F18F6CCD1366}.Ad-Hoc|iPhoneSimulator.ActiveCfg = Release|Any CPU
		{BA96B337-1EF0-4061-95B0-F18F6CCD1366}.Ad-Hoc|iPhoneSimulator.Build.0 = Release|Any CPU
		{BA96B337-1EF0-4061-95B0-F18F6CCD1366}.Ad-Hoc|x64.ActiveCfg = Release|Any CPU
		{BA96B337-1EF0-4061-95B0-F18F6CCD1366}.Ad-Hoc|x64.Build.0 = Release|Any CPU
		{BA96B337-1EF0-4061-95B0-F18F6CCD1366}.Ad-Hoc|x86.ActiveCfg = Release|Any CPU
		{BA96B337-1EF0-4061-95B0-F18F6CCD1366}.Ad-Hoc|x86.Build.0 = Release|Any CPU
		{BA96B337-1EF0-4061-95B0-F18F6CCD1366}.AppStore|Any CPU.ActiveCfg = Release|Any CPU
		{BA96B337-1EF0-4061-95B0-F18F6CCD1366}.AppStore|Any CPU.Build.0 = Release|Any CPU
		{BA96B337-1EF0-4061-95B0-F18F6CCD1366}.AppStore|ARM.ActiveCfg = Release|Any CPU
		{BA96B337-1EF0-4061-95B0-F18F6CCD1366}.AppStore|ARM.Build.0 = Release|Any CPU
		{BA96B337-1EF0-4061-95B0-F18F6CCD1366}.AppStore|iPhone.ActiveCfg = Release|Any CPU
		{BA96B337-1EF0-4061-95B0-F18F6CCD1366}.AppStore|iPhone.Build.0 = Release|Any CPU
		{BA96B337-1EF0-4061-95B0-F18F6CCD1366}.AppStore|iPhoneSimulator.ActiveCfg = Release|Any CPU
		{BA96B337-1EF0-4061-95B0-F18F6CCD1366}.AppStore|iPhoneSimulator.Build.0 = Release|Any CPU
		{BA96B337-1EF0-4061-95B0-F18F6CCD1366}.AppStore|x64.ActiveCfg = Release|Any CPU
		{BA96B337-1EF0-4061-95B0-F18F6CCD1366}.AppStore|x64.Build.0 = Release|Any CPU
		{BA96B337-1EF0-4061-95B0-F18F6CCD1366}.AppStore|x86.ActiveCfg = Release|Any CPU
		{BA96B337-1EF0-4061-95B0-F18F6CCD1366}.AppStore|x86.Build.0 = Release|Any CPU
		{BA96B337-1EF0-4061-95B0-F18F6CCD1366}.Debug|Any CPU.ActiveCfg = Debug|Any CPU
		{BA96B337-1EF0-4061-95B0-F18F6CCD1366}.Debug|Any CPU.Build.0 = Debug|Any CPU
		{BA96B337-1EF0-4061-95B0-F18F6CCD1366}.Debug|ARM.ActiveCfg = Debug|Any CPU
		{BA96B337-1EF0-4061-95B0-F18F6CCD1366}.Debug|ARM.Build.0 = Debug|Any CPU
		{BA96B337-1EF0-4061-95B0-F18F6CCD1366}.Debug|iPhone.ActiveCfg = Debug|Any CPU
		{BA96B337-1EF0-4061-95B0-F18F6CCD1366}.Debug|iPhone.Build.0 = Debug|Any CPU
		{BA96B337-1EF0-4061-95B0-F18F6CCD1366}.Debug|iPhoneSimulator.ActiveCfg = Debug|Any CPU
		{BA96B337-1EF0-4061-95B0-F18F6CCD1366}.Debug|iPhoneSimulator.Build.0 = Debug|Any CPU
		{BA96B337-1EF0-4061-95B0-F18F6CCD1366}.Debug|x64.ActiveCfg = Debug|Any CPU
		{BA96B337-1EF0-4061-95B0-F18F6CCD1366}.Debug|x64.Build.0 = Debug|Any CPU
		{BA96B337-1EF0-4061-95B0-F18F6CCD1366}.Debug|x86.ActiveCfg = Debug|Any CPU
		{BA96B337-1EF0-4061-95B0-F18F6CCD1366}.Debug|x86.Build.0 = Debug|Any CPU
		{BA96B337-1EF0-4061-95B0-F18F6CCD1366}.Release|Any CPU.ActiveCfg = Release|Any CPU
		{BA96B337-1EF0-4061-95B0-F18F6CCD1366}.Release|Any CPU.Build.0 = Release|Any CPU
		{BA96B337-1EF0-4061-95B0-F18F6CCD1366}.Release|ARM.ActiveCfg = Release|Any CPU
		{BA96B337-1EF0-4061-95B0-F18F6CCD1366}.Release|ARM.Build.0 = Release|Any CPU
		{BA96B337-1EF0-4061-95B0-F18F6CCD1366}.Release|iPhone.ActiveCfg = Release|Any CPU
		{BA96B337-1EF0-4061-95B0-F18F6CCD1366}.Release|iPhone.Build.0 = Release|Any CPU
		{BA96B337-1EF0-4061-95B0-F18F6CCD1366}.Release|iPhoneSimulator.ActiveCfg = Release|Any CPU
		{BA96B337-1EF0-4061-95B0-F18F6CCD1366}.Release|iPhoneSimulator.Build.0 = Release|Any CPU
		{BA96B337-1EF0-4061-95B0-F18F6CCD1366}.Release|x64.ActiveCfg = Release|Any CPU
		{BA96B337-1EF0-4061-95B0-F18F6CCD1366}.Release|x64.Build.0 = Release|Any CPU
		{BA96B337-1EF0-4061-95B0-F18F6CCD1366}.Release|x86.ActiveCfg = Release|Any CPU
		{BA96B337-1EF0-4061-95B0-F18F6CCD1366}.Release|x86.Build.0 = Release|Any CPU
		{2278C47E-6D77-465B-932C-74895CDF4135}.Ad-Hoc|Any CPU.ActiveCfg = Debug|Any CPU
		{2278C47E-6D77-465B-932C-74895CDF4135}.Ad-Hoc|Any CPU.Build.0 = Debug|Any CPU
		{2278C47E-6D77-465B-932C-74895CDF4135}.Ad-Hoc|ARM.ActiveCfg = Debug|Any CPU
		{2278C47E-6D77-465B-932C-74895CDF4135}.Ad-Hoc|ARM.Build.0 = Debug|Any CPU
		{2278C47E-6D77-465B-932C-74895CDF4135}.Ad-Hoc|iPhone.ActiveCfg = Debug|Any CPU
		{2278C47E-6D77-465B-932C-74895CDF4135}.Ad-Hoc|iPhone.Build.0 = Debug|Any CPU
		{2278C47E-6D77-465B-932C-74895CDF4135}.Ad-Hoc|iPhoneSimulator.ActiveCfg = Debug|Any CPU
		{2278C47E-6D77-465B-932C-74895CDF4135}.Ad-Hoc|iPhoneSimulator.Build.0 = Debug|Any CPU
		{2278C47E-6D77-465B-932C-74895CDF4135}.Ad-Hoc|x64.ActiveCfg = Debug|Any CPU
		{2278C47E-6D77-465B-932C-74895CDF4135}.Ad-Hoc|x64.Build.0 = Debug|Any CPU
		{2278C47E-6D77-465B-932C-74895CDF4135}.Ad-Hoc|x86.ActiveCfg = Debug|Any CPU
		{2278C47E-6D77-465B-932C-74895CDF4135}.Ad-Hoc|x86.Build.0 = Debug|Any CPU
		{2278C47E-6D77-465B-932C-74895CDF4135}.AppStore|Any CPU.ActiveCfg = Debug|Any CPU
		{2278C47E-6D77-465B-932C-74895CDF4135}.AppStore|Any CPU.Build.0 = Debug|Any CPU
		{2278C47E-6D77-465B-932C-74895CDF4135}.AppStore|ARM.ActiveCfg = Debug|Any CPU
		{2278C47E-6D77-465B-932C-74895CDF4135}.AppStore|ARM.Build.0 = Debug|Any CPU
		{2278C47E-6D77-465B-932C-74895CDF4135}.AppStore|iPhone.ActiveCfg = Debug|Any CPU
		{2278C47E-6D77-465B-932C-74895CDF4135}.AppStore|iPhone.Build.0 = Debug|Any CPU
		{2278C47E-6D77-465B-932C-74895CDF4135}.AppStore|iPhoneSimulator.ActiveCfg = Debug|Any CPU
		{2278C47E-6D77-465B-932C-74895CDF4135}.AppStore|iPhoneSimulator.Build.0 = Debug|Any CPU
		{2278C47E-6D77-465B-932C-74895CDF4135}.AppStore|x64.ActiveCfg = Debug|Any CPU
		{2278C47E-6D77-465B-932C-74895CDF4135}.AppStore|x64.Build.0 = Debug|Any CPU
		{2278C47E-6D77-465B-932C-74895CDF4135}.AppStore|x86.ActiveCfg = Debug|Any CPU
		{2278C47E-6D77-465B-932C-74895CDF4135}.AppStore|x86.Build.0 = Debug|Any CPU
		{2278C47E-6D77-465B-932C-74895CDF4135}.Debug|Any CPU.ActiveCfg = Debug|Any CPU
		{2278C47E-6D77-465B-932C-74895CDF4135}.Debug|Any CPU.Build.0 = Debug|Any CPU
		{2278C47E-6D77-465B-932C-74895CDF4135}.Debug|ARM.ActiveCfg = Debug|Any CPU
		{2278C47E-6D77-465B-932C-74895CDF4135}.Debug|ARM.Build.0 = Debug|Any CPU
		{2278C47E-6D77-465B-932C-74895CDF4135}.Debug|iPhone.ActiveCfg = Debug|Any CPU
		{2278C47E-6D77-465B-932C-74895CDF4135}.Debug|iPhone.Build.0 = Debug|Any CPU
		{2278C47E-6D77-465B-932C-74895CDF4135}.Debug|iPhoneSimulator.ActiveCfg = Debug|Any CPU
		{2278C47E-6D77-465B-932C-74895CDF4135}.Debug|iPhoneSimulator.Build.0 = Debug|Any CPU
		{2278C47E-6D77-465B-932C-74895CDF4135}.Debug|x64.ActiveCfg = Debug|Any CPU
		{2278C47E-6D77-465B-932C-74895CDF4135}.Debug|x64.Build.0 = Debug|Any CPU
		{2278C47E-6D77-465B-932C-74895CDF4135}.Debug|x86.ActiveCfg = Debug|Any CPU
		{2278C47E-6D77-465B-932C-74895CDF4135}.Debug|x86.Build.0 = Debug|Any CPU
		{2278C47E-6D77-465B-932C-74895CDF4135}.Release|Any CPU.ActiveCfg = Release|Any CPU
		{2278C47E-6D77-465B-932C-74895CDF4135}.Release|Any CPU.Build.0 = Release|Any CPU
		{2278C47E-6D77-465B-932C-74895CDF4135}.Release|ARM.ActiveCfg = Release|Any CPU
		{2278C47E-6D77-465B-932C-74895CDF4135}.Release|ARM.Build.0 = Release|Any CPU
		{2278C47E-6D77-465B-932C-74895CDF4135}.Release|iPhone.ActiveCfg = Release|Any CPU
		{2278C47E-6D77-465B-932C-74895CDF4135}.Release|iPhone.Build.0 = Release|Any CPU
		{2278C47E-6D77-465B-932C-74895CDF4135}.Release|iPhoneSimulator.ActiveCfg = Release|Any CPU
		{2278C47E-6D77-465B-932C-74895CDF4135}.Release|iPhoneSimulator.Build.0 = Release|Any CPU
		{2278C47E-6D77-465B-932C-74895CDF4135}.Release|x64.ActiveCfg = Release|Any CPU
		{2278C47E-6D77-465B-932C-74895CDF4135}.Release|x64.Build.0 = Release|Any CPU
		{2278C47E-6D77-465B-932C-74895CDF4135}.Release|x86.ActiveCfg = Release|Any CPU
		{2278C47E-6D77-465B-932C-74895CDF4135}.Release|x86.Build.0 = Release|Any CPU
		{EB07063A-9A3C-4CEF-B719-212E63A2B1F9}.Ad-Hoc|Any CPU.ActiveCfg = Release|Any CPU
		{EB07063A-9A3C-4CEF-B719-212E63A2B1F9}.Ad-Hoc|Any CPU.Build.0 = Release|Any CPU
		{EB07063A-9A3C-4CEF-B719-212E63A2B1F9}.Ad-Hoc|Any CPU.Deploy.0 = Release|Any CPU
		{EB07063A-9A3C-4CEF-B719-212E63A2B1F9}.Ad-Hoc|ARM.ActiveCfg = Release|Any CPU
		{EB07063A-9A3C-4CEF-B719-212E63A2B1F9}.Ad-Hoc|ARM.Build.0 = Release|Any CPU
		{EB07063A-9A3C-4CEF-B719-212E63A2B1F9}.Ad-Hoc|ARM.Deploy.0 = Release|Any CPU
		{EB07063A-9A3C-4CEF-B719-212E63A2B1F9}.Ad-Hoc|iPhone.ActiveCfg = Release|Any CPU
		{EB07063A-9A3C-4CEF-B719-212E63A2B1F9}.Ad-Hoc|iPhone.Build.0 = Release|Any CPU
		{EB07063A-9A3C-4CEF-B719-212E63A2B1F9}.Ad-Hoc|iPhone.Deploy.0 = Release|Any CPU
		{EB07063A-9A3C-4CEF-B719-212E63A2B1F9}.Ad-Hoc|iPhoneSimulator.ActiveCfg = Release|Any CPU
		{EB07063A-9A3C-4CEF-B719-212E63A2B1F9}.Ad-Hoc|iPhoneSimulator.Build.0 = Release|Any CPU
		{EB07063A-9A3C-4CEF-B719-212E63A2B1F9}.Ad-Hoc|iPhoneSimulator.Deploy.0 = Release|Any CPU
		{EB07063A-9A3C-4CEF-B719-212E63A2B1F9}.Ad-Hoc|x64.ActiveCfg = Release|Any CPU
		{EB07063A-9A3C-4CEF-B719-212E63A2B1F9}.Ad-Hoc|x64.Build.0 = Release|Any CPU
		{EB07063A-9A3C-4CEF-B719-212E63A2B1F9}.Ad-Hoc|x64.Deploy.0 = Release|Any CPU
		{EB07063A-9A3C-4CEF-B719-212E63A2B1F9}.Ad-Hoc|x86.ActiveCfg = Release|Any CPU
		{EB07063A-9A3C-4CEF-B719-212E63A2B1F9}.Ad-Hoc|x86.Build.0 = Release|Any CPU
		{EB07063A-9A3C-4CEF-B719-212E63A2B1F9}.Ad-Hoc|x86.Deploy.0 = Release|Any CPU
		{EB07063A-9A3C-4CEF-B719-212E63A2B1F9}.AppStore|Any CPU.ActiveCfg = Release|Any CPU
		{EB07063A-9A3C-4CEF-B719-212E63A2B1F9}.AppStore|Any CPU.Build.0 = Release|Any CPU
		{EB07063A-9A3C-4CEF-B719-212E63A2B1F9}.AppStore|Any CPU.Deploy.0 = Release|Any CPU
		{EB07063A-9A3C-4CEF-B719-212E63A2B1F9}.AppStore|ARM.ActiveCfg = Release|Any CPU
		{EB07063A-9A3C-4CEF-B719-212E63A2B1F9}.AppStore|ARM.Build.0 = Release|Any CPU
		{EB07063A-9A3C-4CEF-B719-212E63A2B1F9}.AppStore|ARM.Deploy.0 = Release|Any CPU
		{EB07063A-9A3C-4CEF-B719-212E63A2B1F9}.AppStore|iPhone.ActiveCfg = Release|Any CPU
		{EB07063A-9A3C-4CEF-B719-212E63A2B1F9}.AppStore|iPhone.Build.0 = Release|Any CPU
		{EB07063A-9A3C-4CEF-B719-212E63A2B1F9}.AppStore|iPhone.Deploy.0 = Release|Any CPU
		{EB07063A-9A3C-4CEF-B719-212E63A2B1F9}.AppStore|iPhoneSimulator.ActiveCfg = Release|Any CPU
		{EB07063A-9A3C-4CEF-B719-212E63A2B1F9}.AppStore|iPhoneSimulator.Build.0 = Release|Any CPU
		{EB07063A-9A3C-4CEF-B719-212E63A2B1F9}.AppStore|iPhoneSimulator.Deploy.0 = Release|Any CPU
		{EB07063A-9A3C-4CEF-B719-212E63A2B1F9}.AppStore|x64.ActiveCfg = Release|Any CPU
		{EB07063A-9A3C-4CEF-B719-212E63A2B1F9}.AppStore|x64.Build.0 = Release|Any CPU
		{EB07063A-9A3C-4CEF-B719-212E63A2B1F9}.AppStore|x64.Deploy.0 = Release|Any CPU
		{EB07063A-9A3C-4CEF-B719-212E63A2B1F9}.AppStore|x86.ActiveCfg = Release|Any CPU
		{EB07063A-9A3C-4CEF-B719-212E63A2B1F9}.AppStore|x86.Build.0 = Release|Any CPU
		{EB07063A-9A3C-4CEF-B719-212E63A2B1F9}.AppStore|x86.Deploy.0 = Release|Any CPU
		{EB07063A-9A3C-4CEF-B719-212E63A2B1F9}.Debug|Any CPU.ActiveCfg = Debug|Any CPU
		{EB07063A-9A3C-4CEF-B719-212E63A2B1F9}.Debug|Any CPU.Build.0 = Debug|Any CPU
		{EB07063A-9A3C-4CEF-B719-212E63A2B1F9}.Debug|Any CPU.Deploy.0 = Debug|Any CPU
		{EB07063A-9A3C-4CEF-B719-212E63A2B1F9}.Debug|ARM.ActiveCfg = Debug|Any CPU
		{EB07063A-9A3C-4CEF-B719-212E63A2B1F9}.Debug|ARM.Build.0 = Debug|Any CPU
		{EB07063A-9A3C-4CEF-B719-212E63A2B1F9}.Debug|ARM.Deploy.0 = Debug|Any CPU
		{EB07063A-9A3C-4CEF-B719-212E63A2B1F9}.Debug|iPhone.ActiveCfg = Debug|Any CPU
		{EB07063A-9A3C-4CEF-B719-212E63A2B1F9}.Debug|iPhone.Build.0 = Debug|Any CPU
		{EB07063A-9A3C-4CEF-B719-212E63A2B1F9}.Debug|iPhone.Deploy.0 = Debug|Any CPU
		{EB07063A-9A3C-4CEF-B719-212E63A2B1F9}.Debug|iPhoneSimulator.ActiveCfg = Debug|Any CPU
		{EB07063A-9A3C-4CEF-B719-212E63A2B1F9}.Debug|iPhoneSimulator.Build.0 = Debug|Any CPU
		{EB07063A-9A3C-4CEF-B719-212E63A2B1F9}.Debug|iPhoneSimulator.Deploy.0 = Debug|Any CPU
		{EB07063A-9A3C-4CEF-B719-212E63A2B1F9}.Debug|x64.ActiveCfg = Debug|Any CPU
		{EB07063A-9A3C-4CEF-B719-212E63A2B1F9}.Debug|x64.Build.0 = Debug|Any CPU
		{EB07063A-9A3C-4CEF-B719-212E63A2B1F9}.Debug|x64.Deploy.0 = Debug|Any CPU
		{EB07063A-9A3C-4CEF-B719-212E63A2B1F9}.Debug|x86.ActiveCfg = Debug|Any CPU
		{EB07063A-9A3C-4CEF-B719-212E63A2B1F9}.Debug|x86.Build.0 = Debug|Any CPU
		{EB07063A-9A3C-4CEF-B719-212E63A2B1F9}.Debug|x86.Deploy.0 = Debug|Any CPU
		{EB07063A-9A3C-4CEF-B719-212E63A2B1F9}.Release|Any CPU.ActiveCfg = Release|Any CPU
		{EB07063A-9A3C-4CEF-B719-212E63A2B1F9}.Release|Any CPU.Build.0 = Release|Any CPU
		{EB07063A-9A3C-4CEF-B719-212E63A2B1F9}.Release|Any CPU.Deploy.0 = Release|Any CPU
		{EB07063A-9A3C-4CEF-B719-212E63A2B1F9}.Release|ARM.ActiveCfg = Release|Any CPU
		{EB07063A-9A3C-4CEF-B719-212E63A2B1F9}.Release|ARM.Build.0 = Release|Any CPU
		{EB07063A-9A3C-4CEF-B719-212E63A2B1F9}.Release|ARM.Deploy.0 = Release|Any CPU
		{EB07063A-9A3C-4CEF-B719-212E63A2B1F9}.Release|iPhone.ActiveCfg = Release|Any CPU
		{EB07063A-9A3C-4CEF-B719-212E63A2B1F9}.Release|iPhone.Build.0 = Release|Any CPU
		{EB07063A-9A3C-4CEF-B719-212E63A2B1F9}.Release|iPhone.Deploy.0 = Release|Any CPU
		{EB07063A-9A3C-4CEF-B719-212E63A2B1F9}.Release|iPhoneSimulator.ActiveCfg = Release|Any CPU
		{EB07063A-9A3C-4CEF-B719-212E63A2B1F9}.Release|iPhoneSimulator.Build.0 = Release|Any CPU
		{EB07063A-9A3C-4CEF-B719-212E63A2B1F9}.Release|iPhoneSimulator.Deploy.0 = Release|Any CPU
		{EB07063A-9A3C-4CEF-B719-212E63A2B1F9}.Release|x64.ActiveCfg = Release|Any CPU
		{EB07063A-9A3C-4CEF-B719-212E63A2B1F9}.Release|x64.Build.0 = Release|Any CPU
		{EB07063A-9A3C-4CEF-B719-212E63A2B1F9}.Release|x64.Deploy.0 = Release|Any CPU
		{EB07063A-9A3C-4CEF-B719-212E63A2B1F9}.Release|x86.ActiveCfg = Release|Any CPU
		{EB07063A-9A3C-4CEF-B719-212E63A2B1F9}.Release|x86.Build.0 = Release|Any CPU
		{EB07063A-9A3C-4CEF-B719-212E63A2B1F9}.Release|x86.Deploy.0 = Release|Any CPU
		{58A22570-2C1F-40D9-A71B-D46DB2CD555E}.Ad-Hoc|Any CPU.ActiveCfg = Ad-Hoc|iPhone
		{58A22570-2C1F-40D9-A71B-D46DB2CD555E}.Ad-Hoc|ARM.ActiveCfg = Ad-Hoc|iPhone
		{58A22570-2C1F-40D9-A71B-D46DB2CD555E}.Ad-Hoc|iPhone.ActiveCfg = Ad-Hoc|iPhone
		{58A22570-2C1F-40D9-A71B-D46DB2CD555E}.Ad-Hoc|iPhone.Build.0 = Ad-Hoc|iPhone
		{58A22570-2C1F-40D9-A71B-D46DB2CD555E}.Ad-Hoc|iPhoneSimulator.ActiveCfg = Ad-Hoc|iPhoneSimulator
		{58A22570-2C1F-40D9-A71B-D46DB2CD555E}.Ad-Hoc|iPhoneSimulator.Build.0 = Ad-Hoc|iPhoneSimulator
		{58A22570-2C1F-40D9-A71B-D46DB2CD555E}.Ad-Hoc|x64.ActiveCfg = Ad-Hoc|iPhone
		{58A22570-2C1F-40D9-A71B-D46DB2CD555E}.Ad-Hoc|x86.ActiveCfg = Ad-Hoc|iPhone
		{58A22570-2C1F-40D9-A71B-D46DB2CD555E}.AppStore|Any CPU.ActiveCfg = AppStore|iPhone
		{58A22570-2C1F-40D9-A71B-D46DB2CD555E}.AppStore|ARM.ActiveCfg = AppStore|iPhone
		{58A22570-2C1F-40D9-A71B-D46DB2CD555E}.AppStore|iPhone.ActiveCfg = AppStore|iPhone
		{58A22570-2C1F-40D9-A71B-D46DB2CD555E}.AppStore|iPhone.Build.0 = AppStore|iPhone
		{58A22570-2C1F-40D9-A71B-D46DB2CD555E}.AppStore|iPhoneSimulator.ActiveCfg = AppStore|iPhoneSimulator
		{58A22570-2C1F-40D9-A71B-D46DB2CD555E}.AppStore|iPhoneSimulator.Build.0 = AppStore|iPhoneSimulator
		{58A22570-2C1F-40D9-A71B-D46DB2CD555E}.AppStore|x64.ActiveCfg = AppStore|iPhone
		{58A22570-2C1F-40D9-A71B-D46DB2CD555E}.AppStore|x86.ActiveCfg = AppStore|iPhone
		{58A22570-2C1F-40D9-A71B-D46DB2CD555E}.Debug|Any CPU.ActiveCfg = Debug|iPhone
		{58A22570-2C1F-40D9-A71B-D46DB2CD555E}.Debug|ARM.ActiveCfg = Debug|iPhone
		{58A22570-2C1F-40D9-A71B-D46DB2CD555E}.Debug|iPhone.ActiveCfg = Debug|iPhone
		{58A22570-2C1F-40D9-A71B-D46DB2CD555E}.Debug|iPhone.Build.0 = Debug|iPhone
		{58A22570-2C1F-40D9-A71B-D46DB2CD555E}.Debug|iPhoneSimulator.ActiveCfg = Debug|iPhoneSimulator
		{58A22570-2C1F-40D9-A71B-D46DB2CD555E}.Debug|iPhoneSimulator.Build.0 = Debug|iPhoneSimulator
		{58A22570-2C1F-40D9-A71B-D46DB2CD555E}.Debug|x64.ActiveCfg = Debug|iPhone
		{58A22570-2C1F-40D9-A71B-D46DB2CD555E}.Debug|x86.ActiveCfg = Debug|iPhone
		{58A22570-2C1F-40D9-A71B-D46DB2CD555E}.Release|Any CPU.ActiveCfg = Release|iPhone
		{58A22570-2C1F-40D9-A71B-D46DB2CD555E}.Release|ARM.ActiveCfg = Release|iPhone
		{58A22570-2C1F-40D9-A71B-D46DB2CD555E}.Release|iPhone.ActiveCfg = Release|iPhone
		{58A22570-2C1F-40D9-A71B-D46DB2CD555E}.Release|iPhone.Build.0 = Release|iPhone
		{58A22570-2C1F-40D9-A71B-D46DB2CD555E}.Release|iPhoneSimulator.ActiveCfg = Release|iPhoneSimulator
		{58A22570-2C1F-40D9-A71B-D46DB2CD555E}.Release|iPhoneSimulator.Build.0 = Release|iPhoneSimulator
		{58A22570-2C1F-40D9-A71B-D46DB2CD555E}.Release|x64.ActiveCfg = Release|iPhone
		{58A22570-2C1F-40D9-A71B-D46DB2CD555E}.Release|x86.ActiveCfg = Release|iPhone
	EndGlobalSection
	GlobalSection(SolutionProperties) = preSolution
		HideSolutionNode = FALSE
	EndGlobalSection
	GlobalSection(ExtensibilityGlobals) = postSolution
		SolutionGuid = {9037F69F-40A3-45E4-8A13-A5733B651BBD}
	EndGlobalSection
EndGlobal
